
Microsoft Visual Studio Solution File, Format Version 12.00
# Visual Studio Version 17
VisualStudioVersion = 17.2.32616.157
MinimumVisualStudioVersion = 10.0.40219.1
Project("{9A19103F-16F7-4668-BE54-9A1E7A4F7556}") = "Ecommerces", "CP_Ang_UI\Ecommerces.csproj", "{CE8D46B8-61ED-46FB-B1C5-D4BA0FEB50AE}"
EndProject
Project("{9A19103F-16F7-4668-BE54-9A1E7A4F7556}") = "Ecommerces MS", "CP_CMS\Ecommerces MS.csproj", "{9B19FAE5-4E8A-4C93-A5E1-1AF727DEBAD2}"
EndProject
Project("{9A19103F-16F7-4668-BE54-9A1E7A4F7556}") = "CodeFirst", "CP_IMS\CodeFirst\CodeFirst.csproj", "{5F48228A-EE54-465E-BD39-F5CEC99A118A}"
EndProject
Global
	GlobalSection(SolutionConfigurationPlatforms) = preSolution
		Debug|Any CPU = Debug|Any CPU
		Release|Any CPU = Release|Any CPU
	EndGlobalSection
	GlobalSection(ProjectConfigurationPlatforms) = postSolution
		{CE8D46B8-61ED-46FB-B1C5-D4BA0FEB50AE}.Debug|Any CPU.ActiveCfg = Debug|Any CPU
		{CE8D46B8-61ED-46FB-B1C5-D4BA0FEB50AE}.Debug|Any CPU.Build.0 = Debug|Any CPU
		{CE8D46B8-61ED-46FB-B1C5-D4BA0FEB50AE}.Release|Any CPU.ActiveCfg = Release|Any CPU
		{CE8D46B8-61ED-46FB-B1C5-D4BA0FEB50AE}.Release|Any CPU.Build.0 = Release|Any CPU
		{9B19FAE5-4E8A-4C93-A5E1-1AF727DEBAD2}.Debug|Any CPU.ActiveCfg = Debug|Any CPU
		{9B19FAE5-4E8A-4C93-A5E1-1AF727DEBAD2}.Debug|Any CPU.Build.0 = Debug|Any CPU
		{9B19FAE5-4E8A-4C93-A5E1-1AF727DEBAD2}.Release|Any CPU.ActiveCfg = Release|Any CPU
		{9B19FAE5-4E8A-4C93-A5E1-1AF727DEBAD2}.Release|Any CPU.Build.0 = Release|Any CPU
		{5F48228A-EE54-465E-BD39-F5CEC99A118A}.Debug|Any CPU.ActiveCfg = Debug|Any CPU
		{5F48228A-EE54-465E-BD39-F5CEC99A118A}.Debug|Any CPU.Build.0 = Debug|Any CPU
		{5F48228A-EE54-465E-BD39-F5CEC99A118A}.Release|Any CPU.ActiveCfg = Release|Any CPU
		{5F48228A-EE54-465E-BD39-F5CEC99A118A}.Release|Any CPU.Build.0 = Release|Any CPU
	EndGlobalSection
	GlobalSection(SolutionProperties) = preSolution
		HideSolutionNode = FALSE
	EndGlobalSection
	GlobalSection(ExtensibilityGlobals) = postSolution
		SolutionGuid = {BB4EDB14-E2AD-45EA-8B8D-65AFB11CEA7B}
	EndGlobalSection
EndGlobal
